
Microsoft Visual Studio Solution File, Format Version 12.00
# Visual Studio Version 17
VisualStudioVersion = 17.5.002.0
MinimumVisualStudioVersion = 10.0.40219.1
Project("{2150E333-8FDC-42A3-9474-1A3956D46DE8}") = "csharp-prep", "csharp-prep", "{A5DFA668-86E7-4054-89C8-39B8B4D51FA9}"
EndProject
Project("{9A19103F-16F7-4668-BE54-9A1E7A4F7556}") = "Prep1", "csharp-prep\Prep1\Prep1.csproj", "{5DB57F4A-8567-4653-B888-B1426D169C14}"
EndProject
Project("{9A19103F-16F7-4668-BE54-9A1E7A4F7556}") = "Prep2", "csharp-prep\Prep2\Prep2.csproj", "{753FAB6E-B1E9-4F3C-A890-56587E2E44BF}"
EndProject
Project("{9A19103F-16F7-4668-BE54-9A1E7A4F7556}") = "Prep3", "csharp-prep\Prep3\Prep3.csproj", "{0C4E70DF-B3B2-401B-93A1-8BB9518C7F0A}"
EndProject
Project("{9A19103F-16F7-4668-BE54-9A1E7A4F7556}") = "Prep4", "csharp-prep\Prep4\Prep4.csproj", "{D2D76E76-3080-4443-90EF-A21AF54D3986}"
EndProject
Project("{9A19103F-16F7-4668-BE54-9A1E7A4F7556}") = "Prep5", "csharp-prep\Prep5\Prep5.csproj", "{619ADC3C-B020-43A1-A4EC-CBA4B592D136}"
EndProject
Project("{2150E333-8FDC-42A3-9474-1A3956D46DE8}") = "final", "final", "{CCD8F989-E069-45C6-90DD-68FE68827DA6}"
EndProject
Project("{9A19103F-16F7-4668-BE54-9A1E7A4F7556}") = "FinalProject", "final\FinalProject\FinalProject.csproj", "{8953FA77-3DEB-4233-8E9C-BEBD78D14320}"
EndProject
Project("{9A19103F-16F7-4668-BE54-9A1E7A4F7556}") = "Foundation1", "final\Foundation1\Foundation1.csproj", "{53A274E7-5161-43A4-A6A3-C4148C268DC8}"
EndProject
Project("{9A19103F-16F7-4668-BE54-9A1E7A4F7556}") = "Foundation2", "final\Foundation2\Foundation2.csproj", "{C2A2BCC8-B02E-4562-8FFA-AC0B59EF67BF}"
EndProject
Project("{9A19103F-16F7-4668-BE54-9A1E7A4F7556}") = "Foundation3", "final\Foundation3\Foundation3.csproj", "{DB6E98BB-6073-45E8-8EE0-F4454172D3D7}"
EndProject
Project("{9A19103F-16F7-4668-BE54-9A1E7A4F7556}") = "Foundation4", "final\Foundation4\Foundation4.csproj", "{92A3DFAB-1985-4B09-B403-504A2A964A29}"
EndProject
Project("{2150E333-8FDC-42A3-9474-1A3956D46DE8}") = "prepare", "prepare", "{F93A15FD-D561-4C3B-8437-4F90D1D71BED}"
EndProject
Project("{9A19103F-16F7-4668-BE54-9A1E7A4F7556}") = "Learning02", "prepare\Learning02\Learning02.csproj", "{5C608DBC-7983-4F13-B44B-CE4D033C6261}"
EndProject
Project("{9A19103F-16F7-4668-BE54-9A1E7A4F7556}") = "Learning03", "prepare\Learning03\Learning03.csproj", "{E51B407C-DA83-4577-B73F-D4EC012A42A8}"
EndProject
Project("{9A19103F-16F7-4668-BE54-9A1E7A4F7556}") = "Learning04", "prepare\Learning04\Learning04.csproj", "{A542B6E6-FA84-4D57-B254-66696DB0DA84}"
EndProject
Project("{9A19103F-16F7-4668-BE54-9A1E7A4F7556}") = "Learning05", "prepare\Learning05\Learning05.csproj", "{E0DC6E0E-83CE-4953-8866-383C942A5592}"
EndProject
Project("{2150E333-8FDC-42A3-9474-1A3956D46DE8}") = "prove", "prove", "{BE752BB1-4625-4513-9754-ACCD2E6443B2}"
EndProject
Project("{9A19103F-16F7-4668-BE54-9A1E7A4F7556}") = "Develop02", "prove\Develop02\Develop02.csproj", "{88AD7EBC-970B-4CA9-9531-A0F474EF0F95}"
EndProject
Project("{9A19103F-16F7-4668-BE54-9A1E7A4F7556}") = "Develop03", "prove\Develop03\Develop03.csproj", "{7E832121-CE7D-43CB-897C-B9FA5B153742}"
EndProject
Project("{9A19103F-16F7-4668-BE54-9A1E7A4F7556}") = "Develop04", "prove\Develop04\Develop04.csproj", "{63D89481-165B-4FB0-939A-D1D879CE47B5}"
EndProject
Project("{9A19103F-16F7-4668-BE54-9A1E7A4F7556}") = "Develop05", "prove\Develop05\Develop05.csproj", "{EA212740-0C78-45FD-B5F0-BCA40555F068}"
EndProject
Project("{2150E333-8FDC-42A3-9474-1A3956D46DE8}") = "sandbox", "sandbox", "{2AF004D8-20FD-49D8-84A4-FE626093A454}"
EndProject
Project("{9A19103F-16F7-4668-BE54-9A1E7A4F7556}") = "Sandbox", "sandbox\Sandbox\Sandbox.csproj", "{AE0BD619-7042-431D-8FE0-D2CD6A177F68}"
EndProject
Global
	GlobalSection(SolutionConfigurationPlatforms) = preSolution
		Debug|Any CPU = Debug|Any CPU
		Release|Any CPU = Release|Any CPU
	EndGlobalSection
	GlobalSection(ProjectConfigurationPlatforms) = postSolution
		{5DB57F4A-8567-4653-B888-B1426D169C14}.Debug|Any CPU.ActiveCfg = Debug|Any CPU
		{5DB57F4A-8567-4653-B888-B1426D169C14}.Debug|Any CPU.Build.0 = Debug|Any CPU
		{5DB57F4A-8567-4653-B888-B1426D169C14}.Release|Any CPU.ActiveCfg = Release|Any CPU
		{5DB57F4A-8567-4653-B888-B1426D169C14}.Release|Any CPU.Build.0 = Release|Any CPU
		{753FAB6E-B1E9-4F3C-A890-56587E2E44BF}.Debug|Any CPU.ActiveCfg = Debug|Any CPU
		{753FAB6E-B1E9-4F3C-A890-56587E2E44BF}.Debug|Any CPU.Build.0 = Debug|Any CPU
		{753FAB6E-B1E9-4F3C-A890-56587E2E44BF}.Release|Any CPU.ActiveCfg = Release|Any CPU
		{753FAB6E-B1E9-4F3C-A890-56587E2E44BF}.Release|Any CPU.Build.0 = Release|Any CPU
		{0C4E70DF-B3B2-401B-93A1-8BB9518C7F0A}.Debug|Any CPU.ActiveCfg = Debug|Any CPU
		{0C4E70DF-B3B2-401B-93A1-8BB9518C7F0A}.Debug|Any CPU.Build.0 = Debug|Any CPU
		{0C4E70DF-B3B2-401B-93A1-8BB9518C7F0A}.Release|Any CPU.ActiveCfg = Release|Any CPU
		{0C4E70DF-B3B2-401B-93A1-8BB9518C7F0A}.Release|Any CPU.Build.0 = Release|Any CPU
		{D2D76E76-3080-4443-90EF-A21AF54D3986}.Debug|Any CPU.ActiveCfg = Debug|Any CPU
		{D2D76E76-3080-4443-90EF-A21AF54D3986}.Debug|Any CPU.Build.0 = Debug|Any CPU
		{D2D76E76-3080-4443-90EF-A21AF54D3986}.Release|Any CPU.ActiveCfg = Release|Any CPU
		{D2D76E76-3080-4443-90EF-A21AF54D3986}.Release|Any CPU.Build.0 = Release|Any CPU
		{619ADC3C-B020-43A1-A4EC-CBA4B592D136}.Debug|Any CPU.ActiveCfg = Debug|Any CPU
		{619ADC3C-B020-43A1-A4EC-CBA4B592D136}.Debug|Any CPU.Build.0 = Debug|Any CPU
		{619ADC3C-B020-43A1-A4EC-CBA4B592D136}.Release|Any CPU.ActiveCfg = Release|Any CPU
		{619ADC3C-B020-43A1-A4EC-CBA4B592D136}.Release|Any CPU.Build.0 = Release|Any CPU
		{8953FA77-3DEB-4233-8E9C-BEBD78D14320}.Debug|Any CPU.ActiveCfg = Debug|Any CPU
		{8953FA77-3DEB-4233-8E9C-BEBD78D14320}.Debug|Any CPU.Build.0 = Debug|Any CPU
		{8953FA77-3DEB-4233-8E9C-BEBD78D14320}.Release|Any CPU.ActiveCfg = Release|Any CPU
		{8953FA77-3DEB-4233-8E9C-BEBD78D14320}.Release|Any CPU.Build.0 = Release|Any CPU
		{53A274E7-5161-43A4-A6A3-C4148C268DC8}.Debug|Any CPU.ActiveCfg = Debug|Any CPU
		{53A274E7-5161-43A4-A6A3-C4148C268DC8}.Debug|Any CPU.Build.0 = Debug|Any CPU
		{53A274E7-5161-43A4-A6A3-C4148C268DC8}.Release|Any CPU.ActiveCfg = Release|Any CPU
		{53A274E7-5161-43A4-A6A3-C4148C268DC8}.Release|Any CPU.Build.0 = Release|Any CPU
		{C2A2BCC8-B02E-4562-8FFA-AC0B59EF67BF}.Debug|Any CPU.ActiveCfg = Debug|Any CPU
		{C2A2BCC8-B02E-4562-8FFA-AC0B59EF67BF}.Debug|Any CPU.Build.0 = Debug|Any CPU
		{C2A2BCC8-B02E-4562-8FFA-AC0B59EF67BF}.Release|Any CPU.ActiveCfg = Release|Any CPU
		{C2A2BCC8-B02E-4562-8FFA-AC0B59EF67BF}.Release|Any CPU.Build.0 = Release|Any CPU
		{DB6E98BB-6073-45E8-8EE0-F4454172D3D7}.Debug|Any CPU.ActiveCfg = Debug|Any CPU
		{DB6E98BB-6073-45E8-8EE0-F4454172D3D7}.Debug|Any CPU.Build.0 = Debug|Any CPU
		{DB6E98BB-6073-45E8-8EE0-F4454172D3D7}.Release|Any CPU.ActiveCfg = Release|Any CPU
		{DB6E98BB-6073-45E8-8EE0-F4454172D3D7}.Release|Any CPU.Build.0 = Release|Any CPU
		{92A3DFAB-1985-4B09-B403-504A2A964A29}.Debug|Any CPU.ActiveCfg = Debug|Any CPU
		{92A3DFAB-1985-4B09-B403-504A2A964A29}.Debug|Any CPU.Build.0 = Debug|Any CPU
		{92A3DFAB-1985-4B09-B403-504A2A964A29}.Release|Any CPU.ActiveCfg = Release|Any CPU
		{92A3DFAB-1985-4B09-B403-504A2A964A29}.Release|Any CPU.Build.0 = Release|Any CPU
		{5C608DBC-7983-4F13-B44B-CE4D033C6261}.Debug|Any CPU.ActiveCfg = Debug|Any CPU
		{5C608DBC-7983-4F13-B44B-CE4D033C6261}.Debug|Any CPU.Build.0 = Debug|Any CPU
		{5C608DBC-7983-4F13-B44B-CE4D033C6261}.Release|Any CPU.ActiveCfg = Release|Any CPU
		{5C608DBC-7983-4F13-B44B-CE4D033C6261}.Release|Any CPU.Build.0 = Release|Any CPU
		{E51B407C-DA83-4577-B73F-D4EC012A42A8}.Debug|Any CPU.ActiveCfg = Debug|Any CPU
		{E51B407C-DA83-4577-B73F-D4EC012A42A8}.Debug|Any CPU.Build.0 = Debug|Any CPU
		{E51B407C-DA83-4577-B73F-D4EC012A42A8}.Release|Any CPU.ActiveCfg = Release|Any CPU
		{E51B407C-DA83-4577-B73F-D4EC012A42A8}.Release|Any CPU.Build.0 = Release|Any CPU
		{A542B6E6-FA84-4D57-B254-66696DB0DA84}.Debug|Any CPU.ActiveCfg = Debug|Any CPU
		{A542B6E6-FA84-4D57-B254-66696DB0DA84}.Debug|Any CPU.Build.0 = Debug|Any CPU
		{A542B6E6-FA84-4D57-B254-66696DB0DA84}.Release|Any CPU.ActiveCfg = Release|Any CPU
		{A542B6E6-FA84-4D57-B254-66696DB0DA84}.Release|Any CPU.Build.0 = Release|Any CPU
		{E0DC6E0E-83CE-4953-8866-383C942A5592}.Debug|Any CPU.ActiveCfg = Debug|Any CPU
		{E0DC6E0E-83CE-4953-8866-383C942A5592}.Debug|Any CPU.Build.0 = Debug|Any CPU
		{E0DC6E0E-83CE-4953-8866-383C942A5592}.Release|Any CPU.ActiveCfg = Release|Any CPU
		{E0DC6E0E-83CE-4953-8866-383C942A5592}.Release|Any CPU.Build.0 = Release|Any CPU
		{88AD7EBC-970B-4CA9-9531-A0F474EF0F95}.Debug|Any CPU.ActiveCfg = Debug|Any CPU
		{88AD7EBC-970B-4CA9-9531-A0F474EF0F95}.Debug|Any CPU.Build.0 = Debug|Any CPU
		{88AD7EBC-970B-4CA9-9531-A0F474EF0F95}.Release|Any CPU.ActiveCfg = Release|Any CPU
		{88AD7EBC-970B-4CA9-9531-A0F474EF0F95}.Release|Any CPU.Build.0 = Release|Any CPU
		{7E832121-CE7D-43CB-897C-B9FA5B153742}.Debug|Any CPU.ActiveCfg = Debug|Any CPU
		{7E832121-CE7D-43CB-897C-B9FA5B153742}.Debug|Any CPU.Build.0 = Debug|Any CPU
		{7E832121-CE7D-43CB-897C-B9FA5B153742}.Release|Any CPU.ActiveCfg = Release|Any CPU
		{7E832121-CE7D-43CB-897C-B9FA5B153742}.Release|Any CPU.Build.0 = Release|Any CPU
		{63D89481-165B-4FB0-939A-D1D879CE47B5}.Debug|Any CPU.ActiveCfg = Debug|Any CPU
		{63D89481-165B-4FB0-939A-D1D879CE47B5}.Debug|Any CPU.Build.0 = Debug|Any CPU
		{63D89481-165B-4FB0-939A-D1D879CE47B5}.Release|Any CPU.ActiveCfg = Release|Any CPU
		{63D89481-165B-4FB0-939A-D1D879CE47B5}.Release|Any CPU.Build.0 = Release|Any CPU
		{EA212740-0C78-45FD-B5F0-BCA40555F068}.Debug|Any CPU.ActiveCfg = Debug|Any CPU
		{EA212740-0C78-45FD-B5F0-BCA40555F068}.Debug|Any CPU.Build.0 = Debug|Any CPU
		{EA212740-0C78-45FD-B5F0-BCA40555F068}.Release|Any CPU.ActiveCfg = Release|Any CPU
		{EA212740-0C78-45FD-B5F0-BCA40555F068}.Release|Any CPU.Build.0 = Release|Any CPU
		{AE0BD619-7042-431D-8FE0-D2CD6A177F68}.Debug|Any CPU.ActiveCfg = Debug|Any CPU
		{AE0BD619-7042-431D-8FE0-D2CD6A177F68}.Debug|Any CPU.Build.0 = Debug|Any CPU
		{AE0BD619-7042-431D-8FE0-D2CD6A177F68}.Release|Any CPU.ActiveCfg = Release|Any CPU
		{AE0BD619-7042-431D-8FE0-D2CD6A177F68}.Release|Any CPU.Build.0 = Release|Any CPU
	EndGlobalSection
	GlobalSection(SolutionProperties) = preSolution
		HideSolutionNode = FALSE
	EndGlobalSection
	GlobalSection(NestedProjects) = preSolution
		{5DB57F4A-8567-4653-B888-B1426D169C14} = {A5DFA668-86E7-4054-89C8-39B8B4D51FA9}
		{753FAB6E-B1E9-4F3C-A890-56587E2E44BF} = {A5DFA668-86E7-4054-89C8-39B8B4D51FA9}
		{0C4E70DF-B3B2-401B-93A1-8BB9518C7F0A} = {A5DFA668-86E7-4054-89C8-39B8B4D51FA9}
		{D2D76E76-3080-4443-90EF-A21AF54D3986} = {A5DFA668-86E7-4054-89C8-39B8B4D51FA9}
		{619ADC3C-B020-43A1-A4EC-CBA4B592D136} = {A5DFA668-86E7-4054-89C8-39B8B4D51FA9}
		{8953FA77-3DEB-4233-8E9C-BEBD78D14320} = {CCD8F989-E069-45C6-90DD-68FE68827DA6}
		{53A274E7-5161-43A4-A6A3-C4148C268DC8} = {CCD8F989-E069-45C6-90DD-68FE68827DA6}
		{C2A2BCC8-B02E-4562-8FFA-AC0B59EF67BF} = {CCD8F989-E069-45C6-90DD-68FE68827DA6}
		{DB6E98BB-6073-45E8-8EE0-F4454172D3D7} = {CCD8F989-E069-45C6-90DD-68FE68827DA6}
		{92A3DFAB-1985-4B09-B403-504A2A964A29} = {CCD8F989-E069-45C6-90DD-68FE68827DA6}
		{5C608DBC-7983-4F13-B44B-CE4D033C6261} = {F93A15FD-D561-4C3B-8437-4F90D1D71BED}
		{E51B407C-DA83-4577-B73F-D4EC012A42A8} = {F93A15FD-D561-4C3B-8437-4F90D1D71BED}
		{A542B6E6-FA84-4D57-B254-66696DB0DA84} = {F93A15FD-D561-4C3B-8437-4F90D1D71BED}
		{E0DC6E0E-83CE-4953-8866-383C942A5592} = {F93A15FD-D561-4C3B-8437-4F90D1D71BED}
		{88AD7EBC-970B-4CA9-9531-A0F474EF0F95} = {BE752BB1-4625-4513-9754-ACCD2E6443B2}
		{7E832121-CE7D-43CB-897C-B9FA5B153742} = {BE752BB1-4625-4513-9754-ACCD2E6443B2}
		{63D89481-165B-4FB0-939A-D1D879CE47B5} = {BE752BB1-4625-4513-9754-ACCD2E6443B2}
		{EA212740-0C78-45FD-B5F0-BCA40555F068} = {BE752BB1-4625-4513-9754-ACCD2E6443B2}
		{AE0BD619-7042-431D-8FE0-D2CD6A177F68} = {2AF004D8-20FD-49D8-84A4-FE626093A454}
	EndGlobalSection
	GlobalSection(ExtensibilityGlobals) = postSolution
		SolutionGuid = {0015CEC9-4CA4-4660-A547-415043D5CFAC}
	EndGlobalSection
EndGlobal
