
Microsoft Visual Studio Solution File, Format Version 12.00
# Visual Studio Version 17
VisualStudioVersion = 17.5.002.0
MinimumVisualStudioVersion = 10.0.40219.1
Project("{9A19103F-16F7-4668-BE54-9A1E7A4F7556}") = "FinalProject", "FinalProject\FinalProject.csproj", "{CBCEBD0A-69B8-4723-B819-87A95D9DDC98}"
EndProject
Project("{9A19103F-16F7-4668-BE54-9A1E7A4F7556}") = "Foundation1", "Foundation1\Foundation1.csproj", "{14A1CAE1-788F-4D0C-BAFA-30E3E4662416}"
EndProject
Project("{9A19103F-16F7-4668-BE54-9A1E7A4F7556}") = "Foundation2", "Foundation2\Foundation2.csproj", "{098B824E-1AC8-45C5-8B06-8C556AFEC8B7}"
EndProject
Project("{9A19103F-16F7-4668-BE54-9A1E7A4F7556}") = "Foundation3", "Foundation3\Foundation3.csproj", "{FC8686FF-C808-4C63-B9BE-626B175D4E8A}"
EndProject
Project("{9A19103F-16F7-4668-BE54-9A1E7A4F7556}") = "Foundation4", "Foundation4\Foundation4.csproj", "{42E8AE9B-5A36-4192-BE12-CF183D401BD9}"
EndProject
Global
	GlobalSection(SolutionConfigurationPlatforms) = preSolution
		Debug|Any CPU = Debug|Any CPU
		Release|Any CPU = Release|Any CPU
	EndGlobalSection
	GlobalSection(ProjectConfigurationPlatforms) = postSolution
		{CBCEBD0A-69B8-4723-B819-87A95D9DDC98}.Debug|Any CPU.ActiveCfg = Debug|Any CPU
		{CBCEBD0A-69B8-4723-B819-87A95D9DDC98}.Debug|Any CPU.Build.0 = Debug|Any CPU
		{CBCEBD0A-69B8-4723-B819-87A95D9DDC98}.Release|Any CPU.ActiveCfg = Release|Any CPU
		{CBCEBD0A-69B8-4723-B819-87A95D9DDC98}.Release|Any CPU.Build.0 = Release|Any CPU
		{14A1CAE1-788F-4D0C-BAFA-30E3E4662416}.Debug|Any CPU.ActiveCfg = Debug|Any CPU
		{14A1CAE1-788F-4D0C-BAFA-30E3E4662416}.Debug|Any CPU.Build.0 = Debug|Any CPU
		{14A1CAE1-788F-4D0C-BAFA-30E3E4662416}.Release|Any CPU.ActiveCfg = Release|Any CPU
		{14A1CAE1-788F-4D0C-BAFA-30E3E4662416}.Release|Any CPU.Build.0 = Release|Any CPU
		{098B824E-1AC8-45C5-8B06-8C556AFEC8B7}.Debug|Any CPU.ActiveCfg = Debug|Any CPU
		{098B824E-1AC8-45C5-8B06-8C556AFEC8B7}.Debug|Any CPU.Build.0 = Debug|Any CPU
		{098B824E-1AC8-45C5-8B06-8C556AFEC8B7}.Release|Any CPU.ActiveCfg = Release|Any CPU
		{098B824E-1AC8-45C5-8B06-8C556AFEC8B7}.Release|Any CPU.Build.0 = Release|Any CPU
		{FC8686FF-C808-4C63-B9BE-626B175D4E8A}.Debug|Any CPU.ActiveCfg = Debug|Any CPU
		{FC8686FF-C808-4C63-B9BE-626B175D4E8A}.Debug|Any CPU.Build.0 = Debug|Any CPU
		{FC8686FF-C808-4C63-B9BE-626B175D4E8A}.Release|Any CPU.ActiveCfg = Release|Any CPU
		{FC8686FF-C808-4C63-B9BE-626B175D4E8A}.Release|Any CPU.Build.0 = Release|Any CPU
		{42E8AE9B-5A36-4192-BE12-CF183D401BD9}.Debug|Any CPU.ActiveCfg = Debug|Any CPU
		{42E8AE9B-5A36-4192-BE12-CF183D401BD9}.Debug|Any CPU.Build.0 = Debug|Any CPU
		{42E8AE9B-5A36-4192-BE12-CF183D401BD9}.Release|Any CPU.ActiveCfg = Release|Any CPU
		{42E8AE9B-5A36-4192-BE12-CF183D401BD9}.Release|Any CPU.Build.0 = Release|Any CPU
	EndGlobalSection
	GlobalSection(SolutionProperties) = preSolution
		HideSolutionNode = FALSE
	EndGlobalSection
	GlobalSection(ExtensibilityGlobals) = postSolution
		SolutionGuid = {CD9F75B5-3F88-40B9-8B48-1B35AD751E1C}
	EndGlobalSection
EndGlobal
